
Microsoft Visual Studio Solution File, Format Version 12.00
# Visual Studio Version 17
VisualStudioVersion = 17.0.32112.339
MinimumVisualStudioVersion = 10.0.40219.1
Project("{FAE04EC0-301F-11D3-BF4B-00C04F79EFBC}") = "16.03.2022 Task2", "16.03.2022 Task2\16.03.2022 Task2.csproj", "{4C73B80A-9DB8-4BFE-BFF0-386B9E1C9CE7}"
EndProject
Global
	GlobalSection(SolutionConfigurationPlatforms) = preSolution
		Debug|Any CPU = Debug|Any CPU
		Release|Any CPU = Release|Any CPU
	EndGlobalSection
	GlobalSection(ProjectConfigurationPlatforms) = postSolution
		{4C73B80A-9DB8-4BFE-BFF0-386B9E1C9CE7}.Debug|Any CPU.ActiveCfg = Debug|Any CPU
		{4C73B80A-9DB8-4BFE-BFF0-386B9E1C9CE7}.Debug|Any CPU.Build.0 = Debug|Any CPU
		{4C73B80A-9DB8-4BFE-BFF0-386B9E1C9CE7}.Release|Any CPU.ActiveCfg = Release|Any CPU
		{4C73B80A-9DB8-4BFE-BFF0-386B9E1C9CE7}.Release|Any CPU.Build.0 = Release|Any CPU
	EndGlobalSection
	GlobalSection(SolutionProperties) = preSolution
		HideSolutionNode = FALSE
	EndGlobalSection
	GlobalSection(ExtensibilityGlobals) = postSolution
		SolutionGuid = {AD8FFFD2-D06D-4C33-8406-0055093D7559}
	EndGlobalSection
EndGlobal
